<?xml version="1.0" encoding="utf-8"?>
<Project ToolsVersion="4.0" xmlns="http://schemas.microsoft.com/developer/msbuild/2003">
  <ItemGroup>
    <Filter Include="Source Files">
      <UniqueIdentifier>{ecd50550-019d-40e0-a9f0-69f802507d2e}</UniqueIdentifier>
      <Extensions>cpp;c;cxx;rc;def;r;odl;hpj;bat;for;f90</Extensions>
    </Filter>
    <Filter Include="Header Files">
      <UniqueIdentifier>{abec7d6b-1a63-4d3c-aefc-d958046b4bb4}</UniqueIdentifier>
      <Extensions>h;hpp;hxx;hm;inl;fi;fd</Extensions>
    </Filter>
    <Filter Include="Resource Files">
      <UniqueIdentifier>{c5ba6643-9d44-4e4a-a88d-8af60b13315e}</UniqueIdentifier>
      <Extensions>ico;cur;bmp;dlg;rc2;rct;bin;cnt;rtf;gif;jpg;jpeg;jpe</Extensions>
    </Filter>
    <Filter Include="AI Files">
      <UniqueIdentifier>{ee4e0fb4-e86a-4e1f-bdc3-69f7974d9d39}</UniqueIdentifier>
    </Filter>
    <Filter Include="Resources">
      <UniqueIdentifier>{e616f46d-bf67-4c19-86df-29547fbff9c1}</UniqueIdentifier>
    </Filter>
  </ItemGroup>
  <ItemGroup>
    <ClCompile Include="ally.c">
      <Filter>Source Files</Filter>
    </ClCompile>
    <ClCompile Include="armory.c">
      <Filter>Source Files</Filter>
    </ClCompile>
    <ClCompile Include="auras.c">
      <Filter>Source Files</Filter>
    </ClCompile>
    <ClCompile Include="backpack.c">
      <Filter>Source Files</Filter>
    </ClCompile>
    <ClCompile Include="bombspell.c">
      <Filter>Source Files</Filter>
    </ClCompile>
    <ClCompile Include="boss_general.c">
      <Filter>Source Files</Filter>
    </ClCompile>
    <ClCompile Include="boss_makron.c">
      <Filter>Source Files</Filter>
    </ClCompile>
    <ClCompile Include="boss_tank.c">
      <Filter>Source Files</Filter>
    </ClCompile>
    <ClCompile Include="class_brain.c">
      <Filter>Source Files</Filter>
    </ClCompile>
    <ClCompile Include="class_demon.c">
      <Filter>Source Files</Filter>
    </ClCompile>
    <ClCompile Include="ctf.c">
      <Filter>Source Files</Filter>
    </ClCompile>
    <ClCompile Include="damage.c">
      <Filter>Source Files</Filter>
    </ClCompile>
    <ClCompile Include="domination.c">
      <Filter>Source Files</Filter>
    </ClCompile>
    <ClCompile Include="drone_ai.c">
      <Filter>Source Files</Filter>
    </ClCompile>
    <ClCompile Include="drone_bitch.c">
      <Filter>Source Files</Filter>
    </ClCompile>
    <ClCompile Include="drone_brain.c">
      <Filter>Source Files</Filter>
    </ClCompile>
    <ClCompile Include="drone_decoy.c">
      <Filter>Source Files</Filter>
    </ClCompile>
    <ClCompile Include="drone_gladiator.c">
      <Filter>Source Files</Filter>
    </ClCompile>
    <ClCompile Include="drone_gunner.c">
      <Filter>Source Files</Filter>
    </ClCompile>
    <ClCompile Include="drone_medic.c">
      <Filter>Source Files</Filter>
    </ClCompile>
    <ClCompile Include="drone_misc.c">
      <Filter>Source Files</Filter>
    </ClCompile>
    <ClCompile Include="drone_move.c">
      <Filter>Source Files</Filter>
    </ClCompile>
    <ClCompile Include="drone_mutant.c">
      <Filter>Source Files</Filter>
    </ClCompile>
    <ClCompile Include="drone_parasite.c">
      <Filter>Source Files</Filter>
    </ClCompile>
    <ClCompile Include="drone_soldier.c">
      <Filter>Source Files</Filter>
    </ClCompile>
    <ClCompile Include="drone_tank.c">
      <Filter>Source Files</Filter>
    </ClCompile>
    <ClCompile Include="ents.c">
      <Filter>Source Files</Filter>
    </ClCompile>
    <ClCompile Include="file_output.c">
      <Filter>Source Files</Filter>
    </ClCompile>
    <ClCompile Include="flying_skull.c">
      <Filter>Source Files</Filter>
    </ClCompile>
    <ClCompile Include="forcewall.c">
      <Filter>Source Files</Filter>
    </ClCompile>
    <ClCompile Include="g_chase.c">
      <Filter>Source Files</Filter>
    </ClCompile>
    <ClCompile Include="g_cmds.c">
      <Filter>Source Files</Filter>
    </ClCompile>
    <ClCompile Include="g_combat.c">
      <Filter>Source Files</Filter>
    </ClCompile>
    <ClCompile Include="g_flame.c">
      <Filter>Source Files</Filter>
    </ClCompile>
    <ClCompile Include="g_func.c">
      <Filter>Source Files</Filter>
    </ClCompile>
    <ClCompile Include="g_items.c">
      <Filter>Source Files</Filter>
    </ClCompile>
    <ClCompile Include="g_lasers.c">
      <Filter>Source Files</Filter>
    </ClCompile>
    <ClCompile Include="g_main.c">
      <Filter>Source Files</Filter>
    </ClCompile>
    <ClCompile Include="g_misc.c">
      <Filter>Source Files</Filter>
    </ClCompile>
    <ClCompile Include="g_monster.c">
      <Filter>Source Files</Filter>
    </ClCompile>
    <ClCompile Include="g_phys.c">
      <Filter>Source Files</Filter>
    </ClCompile>
    <ClCompile Include="g_save.c">
      <Filter>Source Files</Filter>
    </ClCompile>
    <ClCompile Include="g_spawn.c">
      <Filter>Source Files</Filter>
    </ClCompile>
    <ClCompile Include="g_svcmds.c">
      <Filter>Source Files</Filter>
    </ClCompile>
    <ClCompile Include="g_sword.c">
      <Filter>Source Files</Filter>
    </ClCompile>
    <ClCompile Include="g_target.c">
      <Filter>Source Files</Filter>
    </ClCompile>
    <ClCompile Include="g_trigger.c">
      <Filter>Source Files</Filter>
    </ClCompile>
    <ClCompile Include="g_utils.c">
      <Filter>Source Files</Filter>
    </ClCompile>
    <ClCompile Include="g_weapon.c">
      <Filter>Source Files</Filter>
    </ClCompile>
    <ClCompile Include="gds.c">
      <Filter>Source Files</Filter>
    </ClCompile>
    <ClCompile Include="help.c">
      <Filter>Source Files</Filter>
    </ClCompile>
    <ClCompile Include="invasion.c">
      <Filter>Source Files</Filter>
    </ClCompile>
    <ClCompile Include="item_menu.c">
      <Filter>Source Files</Filter>
    </ClCompile>
    <ClCompile Include="jetpack.c">
      <Filter>Source Files</Filter>
    </ClCompile>
    <ClCompile Include="lasers.c">
      <Filter>Source Files</Filter>
    </ClCompile>
    <ClCompile Include="lasersight.c">
      <Filter>Source Files</Filter>
    </ClCompile>
    <ClCompile Include="laserstuff.c">
      <Filter>Source Files</Filter>
    </ClCompile>
    <ClCompile Include="m_flash.c">
      <Filter>Source Files</Filter>
    </ClCompile>
    <ClCompile Include="magic.c">
      <Filter>Source Files</Filter>
    </ClCompile>
    <ClCompile Include="maplist.c">
      <Filter>Source Files</Filter>
    </ClCompile>
    <ClCompile Include="menu.c">
      <Filter>Source Files</Filter>
    </ClCompile>
    <ClCompile Include="mersennetwister.c">
      <Filter>Source Files</Filter>
    </ClCompile>
    <ClCompile Include="minisentry.c">
      <Filter>Source Files</Filter>
    </ClCompile>
    <ClCompile Include="misc_stuff.c">
      <Filter>Source Files</Filter>
    </ClCompile>
    <ClCompile Include="p_client.c">
      <Filter>Source Files</Filter>
    </ClCompile>
    <ClCompile Include="p_hook.c">
      <Filter>Source Files</Filter>
    </ClCompile>
    <ClCompile Include="p_hud.c">
      <Filter>Source Files</Filter>
    </ClCompile>
    <ClCompile Include="p_menu.c">
      <Filter>Source Files</Filter>
    </ClCompile>
    <ClCompile Include="p_parasite.c">
      <Filter>Source Files</Filter>
    </ClCompile>
    <ClCompile Include="p_trail.c">
      <Filter>Source Files</Filter>
    </ClCompile>
    <ClCompile Include="p_view.c">
      <Filter>Source Files</Filter>
    </ClCompile>
    <ClCompile Include="p_weapon.c">
      <Filter>Source Files</Filter>
    </ClCompile>
    <ClCompile Include="player.c">
      <Filter>Source Files</Filter>
    </ClCompile>
    <ClCompile Include="player_points.c">
      <Filter>Source Files</Filter>
    </ClCompile>
    <ClCompile Include="playertoberserk.c">
      <Filter>Source Files</Filter>
    </ClCompile>
    <ClCompile Include="playertoflyer.c">
      <Filter>Source Files</Filter>
    </ClCompile>
    <ClCompile Include="playertomedic.c">
      <Filter>Source Files</Filter>
    </ClCompile>
    <ClCompile Include="playertomutant.c">
      <Filter>Source Files</Filter>
    </ClCompile>
    <ClCompile Include="playertoparasite.c">
      <Filter>Source Files</Filter>
    </ClCompile>
    <ClCompile Include="playertotank.c">
      <Filter>Source Files</Filter>
    </ClCompile>
    <ClCompile Include="pvb.c">
      <Filter>Source Files</Filter>
    </ClCompile>
    <ClCompile Include="q_shared.c">
      <Filter>Source Files</Filter>
    </ClCompile>
    <ClCompile Include="scanner.c">
      <Filter>Source Files</Filter>
    </ClCompile>
    <ClCompile Include="sentrygun2.c">
      <Filter>Source Files</Filter>
    </ClCompile>
    <ClCompile Include="shaman.c">
      <Filter>Source Files</Filter>
    </ClCompile>
    <ClCompile Include="spirit.c">
      <Filter>Source Files</Filter>
    </ClCompile>
    <ClCompile Include="supplystation.c">
      <Filter>Source Files</Filter>
    </ClCompile>
    <ClCompile Include="talents.c">
      <Filter>Source Files</Filter>
    </ClCompile>
    <ClCompile Include="teamplay.c">
      <Filter>Source Files</Filter>
    </ClCompile>
    <ClCompile Include="totems.c">
      <Filter>Source Files</Filter>
    </ClCompile>
    <ClCompile Include="trade.c">
      <Filter>Source Files</Filter>
    </ClCompile>
    <ClCompile Include="upgrades.c">
      <Filter>Source Files</Filter>
    </ClCompile>
    <ClCompile Include="v_file_IO.c">
      <Filter>Source Files</Filter>
    </ClCompile>
    <ClCompile Include="v_items.c">
      <Filter>Source Files</Filter>
    </ClCompile>
    <ClCompile Include="v_maplist.c">
      <Filter>Source Files</Filter>
    </ClCompile>
    <ClCompile Include="v_utils.c">
      <Filter>Source Files</Filter>
    </ClCompile>
    <ClCompile Include="vote.c">
      <Filter>Source Files</Filter>
    </ClCompile>
    <ClCompile Include="weapon_upgrades.c">
      <Filter>Source Files</Filter>
    </ClCompile>
    <ClCompile Include="weapons.c">
      <Filter>Source Files</Filter>
    </ClCompile>
    <ClCompile Include="ai\ai_class_dmbot.c">
      <Filter>AI Files</Filter>
    </ClCompile>
    <ClCompile Include="ai\ai_class_monster_default.c">
      <Filter>AI Files</Filter>
    </ClCompile>
    <ClCompile Include="ai\ai_dropnodes.c">
      <Filter>AI Files</Filter>
    </ClCompile>
    <ClCompile Include="ai\ai_items.c">
      <Filter>AI Files</Filter>
    </ClCompile>
    <ClCompile Include="ai\ai_links.c">
      <Filter>AI Files</Filter>
    </ClCompile>
    <ClCompile Include="ai\ai_main.c">
      <Filter>AI Files</Filter>
    </ClCompile>
    <ClCompile Include="ai\ai_movement.c">
      <Filter>AI Files</Filter>
    </ClCompile>
    <ClCompile Include="ai\ai_navigation.c">
      <Filter>AI Files</Filter>
    </ClCompile>
    <ClCompile Include="ai\ai_nodes.c">
      <Filter>AI Files</Filter>
    </ClCompile>
    <ClCompile Include="ai\ai_tools.c">
      <Filter>AI Files</Filter>
    </ClCompile>
    <ClCompile Include="ai\ai_weapons.c">
      <Filter>AI Files</Filter>
    </ClCompile>
    <ClCompile Include="ai\AStar.c">
      <Filter>AI Files</Filter>
    </ClCompile>
    <ClCompile Include="ai\bot_common.c">
      <Filter>AI Files</Filter>
    </ClCompile>
    <ClCompile Include="ai\bot_spawn.c">
      <Filter>AI Files</Filter>
    </ClCompile>
  </ItemGroup>
  <ItemGroup>
    <ClInclude Include="ctf.h">
      <Filter>Source Files</Filter>
    </ClInclude>
    <ClInclude Include="v_items.h">
      <Filter>Source Files</Filter>
    </ClInclude>
    <ClInclude Include="v_shared.h">
      <Filter>Source Files</Filter>
    </ClInclude>
    <ClInclude Include="v_utils.h">
      <Filter>Source Files</Filter>
    </ClInclude>
    <ClInclude Include="ability_def.h">
      <Filter>Header Files</Filter>
    </ClInclude>
    <ClInclude Include="ally.h">
      <Filter>Header Files</Filter>
    </ClInclude>
    <ClInclude Include="auras.h">
      <Filter>Header Files</Filter>
    </ClInclude>
    <ClInclude Include="boss.h">
      <Filter>Header Files</Filter>
    </ClInclude>
    <ClInclude Include="damage.h">
      <Filter>Header Files</Filter>
    </ClInclude>
    <ClInclude Include="g_abilities.h">
      <Filter>Header Files</Filter>
    </ClInclude>
    <ClInclude Include="g_local.h">
      <Filter>Header Files</Filter>
    </ClInclude>
    <ClInclude Include="game.h">
      <Filter>Header Files</Filter>
    </ClInclude>
    <ClInclude Include="gds.h">
      <Filter>Header Files</Filter>
    </ClInclude>
    <ClInclude Include="invasion.h">
      <Filter>Header Files</Filter>
    </ClInclude>
    <ClInclude Include="m_actor.h">
      <Filter>Header Files</Filter>
    </ClInclude>
    <ClInclude Include="m_berserk.h">
      <Filter>Header Files</Filter>
    </ClInclude>
    <ClInclude Include="m_boss2.h">
      <Filter>Header Files</Filter>
    </ClInclude>
    <ClInclude Include="m_boss31.h">
      <Filter>Header Files</Filter>
    </ClInclude>
    <ClInclude Include="m_boss32.h">
      <Filter>Header Files</Filter>
    </ClInclude>
    <ClInclude Include="m_brain.h">
      <Filter>Header Files</Filter>
    </ClInclude>
    <ClInclude Include="m_chick.h">
      <Filter>Header Files</Filter>
    </ClInclude>
    <ClInclude Include="m_flipper.h">
      <Filter>Header Files</Filter>
    </ClInclude>
    <ClInclude Include="m_float.h">
      <Filter>Header Files</Filter>
    </ClInclude>
    <ClInclude Include="m_flyer.h">
      <Filter>Header Files</Filter>
    </ClInclude>
    <ClInclude Include="m_gladiator.h">
      <Filter>Header Files</Filter>
    </ClInclude>
    <ClInclude Include="m_gunner.h">
      <Filter>Header Files</Filter>
    </ClInclude>
    <ClInclude Include="m_hover.h">
      <Filter>Header Files</Filter>
    </ClInclude>
    <ClInclude Include="m_infantry.h">
      <Filter>Header Files</Filter>
    </ClInclude>
    <ClInclude Include="m_insane.h">
      <Filter>Header Files</Filter>
    </ClInclude>
    <ClInclude Include="m_medic.h">
      <Filter>Header Files</Filter>
    </ClInclude>
    <ClInclude Include="m_mutant.h">
      <Filter>Header Files</Filter>
    </ClInclude>
    <ClInclude Include="m_parasite.h">
      <Filter>Header Files</Filter>
    </ClInclude>
    <ClInclude Include="m_player.h">
      <Filter>Header Files</Filter>
    </ClInclude>
    <ClInclude Include="m_rider.h">
      <Filter>Header Files</Filter>
    </ClInclude>
    <ClInclude Include="m_soldier.h">
      <Filter>Header Files</Filter>
    </ClInclude>
    <ClInclude Include="m_supertank.h">
      <Filter>Header Files</Filter>
    </ClInclude>
    <ClInclude Include="m_tank.h">
      <Filter>Header Files</Filter>
    </ClInclude>
    <ClInclude Include="maplist.h">
      <Filter>Header Files</Filter>
    </ClInclude>
    <ClInclude Include="menu.h">
      <Filter>Header Files</Filter>
    </ClInclude>
    <ClInclude Include="morph.h">
      <Filter>Header Files</Filter>
    </ClInclude>
    <ClInclude Include="p_hook.h">
      <Filter>Header Files</Filter>
    </ClInclude>
    <ClInclude Include="p_menu.h">
      <Filter>Header Files</Filter>
    </ClInclude>
    <ClInclude Include="q_shared.h">
      <Filter>Header Files</Filter>
    </ClInclude>
    <ClInclude Include="scanner.h">
      <Filter>Header Files</Filter>
    </ClInclude>
    <ClInclude Include="settings.h">
      <Filter>Header Files</Filter>
    </ClInclude>
    <ClInclude Include="shaman.h">
      <Filter>Header Files</Filter>
    </ClInclude>
    <ClInclude Include="spirit.h">
      <Filter>Header Files</Filter>
    </ClInclude>
    <ClInclude Include="sqlstuff.h">
      <Filter>Header Files</Filter>
    </ClInclude>
    <ClInclude Include="talents.h">
      <Filter>Header Files</Filter>
    </ClInclude>
    <ClInclude Include="v_maplist.h">
      <Filter>Header Files</Filter>
    </ClInclude>
    <ClInclude Include="weapon_def.h">
      <Filter>Header Files</Filter>
    </ClInclude>
    <ClInclude Include="ai\ai.h">
      <Filter>AI Files</Filter>
    </ClInclude>
    <ClInclude Include="ai\ai_local.h">
      <Filter>AI Files</Filter>
    </ClInclude>
    <ClInclude Include="ai\ai_nodes_local.h">
      <Filter>AI Files</Filter>
    </ClInclude>
    <ClInclude Include="ai\ai_nodes_shared.h">
      <Filter>AI Files</Filter>
    </ClInclude>
    <ClInclude Include="ai\ai_weapons.h">
      <Filter>AI Files</Filter>
    </ClInclude>
    <ClInclude Include="ai\AStar.h">
      <Filter>AI Files</Filter>
    </ClInclude>
  </ItemGroup>
  <ItemGroup>
    <None Include="game.def">
      <Filter>Resources</Filter>
    </None>
  </ItemGroup>
</Project>